<?xml version="1.0" encoding="utf-8"?>
<Project ToolsVersion="4.0" xmlns="http://schemas.microsoft.com/developer/msbuild/2003">
  <ItemGroup>
    <Filter Include="Source Files">
      <UniqueIdentifier>{4FC737F1-C7A5-4376-A066-2A32D752A2FF}</UniqueIdentifier>
      <Extensions>cpp;c;cc;cxx;c++;cppm;ixx;def;odl;idl;hpj;bat;asm;asmx</Extensions>
    </Filter>
    <Filter Include="Header Files">
      <UniqueIdentifier>{93995380-89BD-4b04-88EB-625FBE52EBFB}</UniqueIdentifier>
      <Extensions>h;hh;hpp;hxx;h++;hm;inl;inc;ipp;xsd</Extensions>
    </Filter>
    <Filter Include="Resource Files">
      <UniqueIdentifier>{67DA6AB6-F800-4c08-8B7A-83BB121AAD01}</UniqueIdentifier>
      <Extensions>rc;ico;cur;bmp;dlg;rc2;rct;bin;rgs;gif;jpg;jpeg;jpe;resx;tiff;tif;png;wav;mfcribbon-ms</Extensions>
    </Filter>
  </ItemGroup>
  <ItemGroup>
    <ClCompile Include="GUI\ImGuiUtil.cpp">
      <Filter>Source Files</Filter>
    </ClCompile>
    <ClCompile Include="GUI\UIRenderer.cpp">
      <Filter>Source Files</Filter>
    </ClCompile>
    <ClCompile Include="Util\GLTFLoader.cpp">
      <Filter>Source Files</Filter>
    </ClCompile>
    <ClCompile Include="Application.cpp">
      <Filter>Source Files</Filter>
    </ClCompile>
    <ClCompile Include="Camera.cpp">
      <Filter>Source Files</Filter>
    </ClCompile>
    <ClCompile Include="Counter.cpp">
      <Filter>Source Files</Filter>
    </ClCompile>
    <ClCompile Include="DirectionalLight.cpp">
      <Filter>Source Files</Filter>
    </ClCompile>
    <ClCompile Include="GLTFScene.cpp">
      <Filter>Source Files</Filter>
    </ClCompile>
    <ClCompile Include="LoaderThread.cpp">
      <Filter>Source Files</Filter>
    </ClCompile>
    <ClCompile Include="main.cpp">
      <Filter>Source Files</Filter>
    </ClCompile>
    <ClCompile Include="pch.cpp">
      <Filter>Source Files</Filter>
    </ClCompile>
    <ClCompile Include="Renderer.cpp">
      <Filter>Source Files</Filter>
    </ClCompile>
    <ClCompile Include="SwapChain.cpp">
      <Filter>Source Files</Filter>
    </ClCompile>
    <ClCompile Include="RenderPass\Clipmap\BorderWrapper.cpp">
      <Filter>Source Files</Filter>
    </ClCompile>
    <ClCompile Include="RenderPass\Clipmap\ClipmapCleaner.cpp">
      <Filter>Source Files</Filter>
    </ClCompile>
    <ClCompile Include="RenderPass\Clipmap\CopyAlpha.cpp">
      <Filter>Source Files</Filter>
    </ClCompile>
    <ClCompile Include="RenderPass\Clipmap\DownSampler.cpp">
      <Filter>Source Files</Filter>
    </ClCompile>
    <ClCompile Include="RenderPass\Clipmap\RadianceInjectionPass.cpp">
      <Filter>Source Files</Filter>
    </ClCompile>
    <ClCompile Include="RenderPass\Clipmap\VolumeVisualizer.cpp">
      <Filter>Source Files</Filter>
    </ClCompile>
    <ClCompile Include="RenderPass\Clipmap\VolumeVisualizerPass.cpp">
      <Filter>Source Files</Filter>
    </ClCompile>
    <ClCompile Include="RenderPass\Clipmap\VoxelConeTracingPass.cpp">
      <Filter>Source Files</Filter>
    </ClCompile>
    <ClCompile Include="RenderPass\Clipmap\VoxelizationPass.cpp">
      <Filter>Source Files</Filter>
    </ClCompile>
    <ClCompile Include="RenderPass\Clipmap\Voxelizer.cpp">
      <Filter>Source Files</Filter>
    </ClCompile>
    <ClCompile Include="RenderPass\Octree\OctreeBuilder.cpp">
      <Filter>Source Files</Filter>
    </ClCompile>
    <ClCompile Include="RenderPass\Octree\OctreeVisualizer.cpp">
      <Filter>Source Files</Filter>
    </ClCompile>
    <ClCompile Include="RenderPass\Octree\OctreeVoxelConeTracing.cpp">
      <Filter>Source Files</Filter>
    </ClCompile>
    <ClCompile Include="RenderPass\Octree\SparseVoxelizer.cpp">
      <Filter>Source Files</Filter>
    </ClCompile>
    <ClCompile Include="RenderPass\Octree\SparseVoxelOctree.cpp">
      <Filter>Source Files</Filter>
    </ClCompile>
    <ClCompile Include="RenderPass\SpecularFilterPass.cpp">
      <Filter>Source Files</Filter>
    </ClCompile>
    <ClCompile Include="RenderPass\GBufferPass.cpp">
      <Filter>Source Files</Filter>
    </ClCompile>
    <ClCompile Include="RenderPass\ReflectiveShadowMapPass.cpp">
      <Filter>Source Files</Filter>
    </ClCompile>
    <ClCompile Include="RenderPass\RenderPassBase.cpp">
      <Filter>Source Files</Filter>
    </ClCompile>
    <ClCompile Include="RenderPass\RenderPassManager.cpp">
      <Filter>Source Files</Filter>
    </ClCompile>
    <ClCompile Include="RenderPass\ShadowMapPass.cpp">
      <Filter>Source Files</Filter>
    </ClCompile>
    <ClCompile Include="SceneManager.cpp">
      <Filter>Source Files</Filter>
    </ClCompile>
    <ClCompile Include="RenderPass\FinalPass.cpp">
      <Filter>Source Files</Filter>
    </ClCompile>
  </ItemGroup>
  <ItemGroup>
    <ClInclude Include="GUI\ImGuiUtil.h">
      <Filter>Header Files</Filter>
    </ClInclude>
    <ClInclude Include="GUI\UIRenderer.h">
      <Filter>Header Files</Filter>
    </ClInclude>
    <ClInclude Include="Util\EngineConfig.h">
      <Filter>Header Files</Filter>
    </ClInclude>
    <ClInclude Include="Util\ForwardDeclarations.h">
      <Filter>Header Files</Filter>
    </ClInclude>
    <ClInclude Include="Util\GLTFLoader.h">
      <Filter>Header Files</Filter>
    </ClInclude>
    <ClInclude Include="Util\GLTFLoader-Impl.hpp">
      <Filter>Header Files</Filter>
    </ClInclude>
    <ClInclude Include="Application.h">
      <Filter>Header Files</Filter>
    </ClInclude>
    <ClInclude Include="BoundingBox.h">
      <Filter>Header Files</Filter>
    </ClInclude>
    <ClInclude Include="Camera.h">
      <Filter>Header Files</Filter>
    </ClInclude>
    <ClInclude Include="Counter.h">
      <Filter>Header Files</Filter>
    </ClInclude>
    <ClInclude Include="DirectionalLight.h">
      <Filter>Header Files</Filter>
    </ClInclude>
    <ClInclude Include="GLTFScene.h">
      <Filter>Header Files</Filter>
    </ClInclude>
    <ClInclude Include="LoaderThread.h">
      <Filter>Header Files</Filter>
    </ClInclude>
    <ClInclude Include="pch.h">
      <Filter>Header Files</Filter>
    </ClInclude>
    <ClInclude Include="Renderer.h">
      <Filter>Header Files</Filter>
    </ClInclude>
    <ClInclude Include="SwapChain.h">
      <Filter>Header Files</Filter>
    </ClInclude>
    <ClInclude Include="RenderPass\Clipmap\BorderWrapper.h">
      <Filter>Header Files</Filter>
    </ClInclude>
    <ClInclude Include="RenderPass\Clipmap\ClipmapCleaner.h">
      <Filter>Header Files</Filter>
    </ClInclude>
    <ClInclude Include="RenderPass\Clipmap\ClipmapRegion.h">
      <Filter>Header Files</Filter>
    </ClInclude>
    <ClInclude Include="RenderPass\Clipmap\CopyAlpha.h">
      <Filter>Header Files</Filter>
    </ClInclude>
    <ClInclude Include="RenderPass\Clipmap\DownSampler.h">
      <Filter>Header Files</Filter>
    </ClInclude>
    <ClInclude Include="RenderPass\Clipmap\RadianceInjectionPass.h">
      <Filter>Header Files</Filter>
    </ClInclude>
    <ClInclude Include="RenderPass\Clipmap\VolumeVisualizer.h">
      <Filter>Header Files</Filter>
    </ClInclude>
    <ClInclude Include="RenderPass\Clipmap\VolumeVisualizerPass.h">
      <Filter>Header Files</Filter>
    </ClInclude>
    <ClInclude Include="RenderPass\Clipmap\VoxelConeTracingPass.h">
      <Filter>Header Files</Filter>
    </ClInclude>
    <ClInclude Include="RenderPass\Clipmap\VoxelizationPass.h">
      <Filter>Header Files</Filter>
    </ClInclude>
    <ClInclude Include="RenderPass\Clipmap\Voxelizer.h">
      <Filter>Header Files</Filter>
    </ClInclude>
    <ClInclude Include="RenderPass\Octree\OctreeBuilder.h">
      <Filter>Header Files</Filter>
    </ClInclude>
    <ClInclude Include="RenderPass\Octree\OctreeVisualizer.h">
      <Filter>Header Files</Filter>
    </ClInclude>
    <ClInclude Include="RenderPass\Octree\OctreeVoxelConeTracing.h">
      <Filter>Header Files</Filter>
    </ClInclude>
    <ClInclude Include="RenderPass\Octree\SparseVoxelizer.h">
      <Filter>Header Files</Filter>
    </ClInclude>
    <ClInclude Include="RenderPass\Octree\SparseVoxelOctree.h">
      <Filter>Header Files</Filter>
    </ClInclude>
    <ClInclude Include="RenderPass\SpecularFilterPass.h">
      <Filter>Header Files</Filter>
    </ClInclude>
    <ClInclude Include="RenderPass\GBufferPass.h">
      <Filter>Header Files</Filter>
    </ClInclude>
    <ClInclude Include="RenderPass\ReflectiveShadowMapPass.h">
      <Filter>Header Files</Filter>
    </ClInclude>
    <ClInclude Include="RenderPass\RenderPassBase.h">
      <Filter>Header Files</Filter>
    </ClInclude>
    <ClInclude Include="RenderPass\RenderPassManager.h">
      <Filter>Header Files</Filter>
    </ClInclude>
    <ClInclude Include="RenderPass\ShadowMapPass.h">
      <Filter>Header Files</Filter>
    </ClInclude>
    <ClInclude Include="SceneManager.h">
      <Filter>Header Files</Filter>
    </ClInclude>
    <ClInclude Include="RenderPass\FinalPass.h">
      <Filter>Header Files</Filter>
    </ClInclude>
    <ClInclude Include="RenderPass\Clipmap\ClipmapViewer.h">
      <Filter>Header Files</Filter>
    </ClInclude>
  </ItemGroup>
  <ItemGroup>
    <None Include="Shaders\voxel_cone_tracing.frag" />
    <None Include="Shaders\voxel_cone_tracing.vert" />
    <None Include="Shaders\voxelizer.frag" />
    <None Include="Shaders\voxelizer.geom" />
    <None Include="Shaders\voxelizer.vert" />
    <None Include="Shaders\octreeNodeAlloc.comp" />
    <None Include="Shaders\octreeNodeFlag.comp" />
    <None Include="Shaders\octreeNodeInit.comp" />
    <None Include="Shaders\octreeNodeModifyArg.comp" />
    <None Include="Shaders\octreeNodeIndirectCmd.comp" />
    <None Include="Shaders\avc.frag" />
    <None Include="Shaders\avc.vert" />
    <None Include="Shaders\avc.geom" />
    <None Include="Shaders\octreeNodeMipmapWrite.comp" />
  </ItemGroup>
</Project>