<?xml version="1.0" encoding="utf-8"?>
<Project ToolsVersion="4.0" xmlns="http://schemas.microsoft.com/developer/msbuild/2003">
  <ItemGroup>
    <Filter Include="Source Files">
      <UniqueIdentifier>{4FC737F1-C7A5-4376-A066-2A32D752A2FF}</UniqueIdentifier>
      <Extensions>cpp;c;cc;cxx;c++;cppm;ixx;def;odl;idl;hpj;bat;asm;asmx</Extensions>
    </Filter>
    <Filter Include="Header Files">
      <UniqueIdentifier>{93995380-89BD-4b04-88EB-625FBE52EBFB}</UniqueIdentifier>
      <Extensions>h;hh;hpp;hxx;h++;hm;inl;inc;ipp;xsd</Extensions>
    </Filter>
    <Filter Include="Resource Files">
      <UniqueIdentifier>{67DA6AB6-F800-4c08-8B7A-83BB121AAD01}</UniqueIdentifier>
      <Extensions>rc;ico;cur;bmp;dlg;rc2;rct;bin;rgs;gif;jpg;jpeg;jpe;resx;tiff;tif;png;wav;mfcribbon-ms</Extensions>
    </Filter>
  </ItemGroup>
  <ItemGroup>
    <ClCompile Include="Sources\Common\pch.cpp">
      <Filter>Source Files</Filter>
    </ClCompile>
    <ClCompile Include="Sources\main.cpp">
      <Filter>Source Files</Filter>
    </ClCompile>
    <ClCompile Include="Sources\UIEngine\UIRenderer.cpp">
      <Filter>Source Files</Filter>
    </ClCompile>
    <ClCompile Include="Sources\Common\VertexFormat.cpp">
      <Filter>Source Files</Filter>
    </ClCompile>
    <ClCompile Include="Sources\Common\AssetLoader.cpp">
      <Filter>Source Files</Filter>
    </ClCompile>
    <ClCompile Include="Sources\UIEngine\ImGuiUtil.cpp">
      <Filter>Source Files</Filter>
    </ClCompile>
    <ClCompile Include="Sources\VoxelEngine\Counter.cpp">
      <Filter>Source Files</Filter>
    </ClCompile>
    <ClCompile Include="Sources\VoxelEngine\SparseVoxelizer.cpp">
      <Filter>Source Files</Filter>
    </ClCompile>
    <ClCompile Include="Sources\VoxelEngine\OctreeBuilder.cpp">
      <Filter>Source Files</Filter>
    </ClCompile>
    <ClCompile Include="Sources\VoxelEngine\OctreeVisualizer.cpp">
      <Filter>Source Files</Filter>
    </ClCompile>
    <ClCompile Include="Sources\LoaderThread.cpp">
      <Filter>Source Files</Filter>
    </ClCompile>
    <ClCompile Include="Sources\Common\Utils.cpp">
      <Filter>Source Files</Filter>
    </ClCompile>
    <ClCompile Include="Sources\Common\GLTFLoader.cpp">
      <Filter>Source Files</Filter>
    </ClCompile>
    <ClCompile Include="Sources\Application.cpp">
      <Filter>Source Files</Filter>
    </ClCompile>
    <ClCompile Include="Sources\Renderer.cpp">
      <Filter>Source Files</Filter>
    </ClCompile>
    <ClCompile Include="Sources\SwapChain.cpp">
      <Filter>Source Files</Filter>
    </ClCompile>
    <ClCompile Include="Sources\GLTFScene.cpp">
      <Filter>Source Files</Filter>
    </ClCompile>
    <ClCompile Include="Sources\RenderPass\GBufferPass.cpp">
      <Filter>Source Files</Filter>
    </ClCompile>
    <ClCompile Include="Sources\RenderPass\VoxelizationPass.cpp">
      <Filter>Source Files</Filter>
    </ClCompile>
    <ClCompile Include="Sources\RenderPass\RenderPassBase.cpp">
      <Filter>Source Files</Filter>
    </ClCompile>
    <ClCompile Include="Sources\RenderPass\GBufferDebugPass.cpp">
      <Filter>Source Files</Filter>
    </ClCompile>
    <ClCompile Include="Sources\RenderPass\VolumeVisualizerPass.cpp">
      <Filter>Source Files</Filter>
    </ClCompile>
    <ClCompile Include="Sources\VolumeVisualizer.cpp">
      <Filter>Source Files</Filter>
    </ClCompile>
    <ClCompile Include="Sources\RenderPass\ShadowMapPass.cpp">
      <Filter>Source Files</Filter>
    </ClCompile>
    <ClCompile Include="Sources\RenderPass\RadianceInjectionPass.cpp">
      <Filter>Source Files</Filter>
    </ClCompile>
    <ClCompile Include="Sources\DirectionalLight.cpp">
      <Filter>Source Files</Filter>
    </ClCompile>
    <ClCompile Include="Sources\RenderPass\Voxelizer.cpp">
      <Filter>Source Files</Filter>
    </ClCompile>
    <ClCompile Include="Sources\RenderPass\RenderPassManager.cpp">
      <Filter>Source Files</Filter>
    </ClCompile>
    <ClCompile Include="Sources\RenderPass\VoxelConeTracingPass.cpp">
      <Filter>Source Files</Filter>
    </ClCompile>
    <ClCompile Include="Sources\RenderPass\DownSampler.cpp">
      <Filter>Source Files</Filter>
    </ClCompile>
    <ClCompile Include="Sources\Common\CPUTimer.cpp">
      <Filter>Source Files</Filter>
    </ClCompile>
    <ClCompile Include="Sources\VoxelEngine\OctreeVoxelConeTracing.cpp">
      <Filter>Source Files</Filter>
    </ClCompile>
  </ItemGroup>
  <ItemGroup>
    <ClInclude Include="Includes\Common\NonCopyable.h">
      <Filter>Header Files</Filter>
    </ClInclude>
    <ClInclude Include="Includes\Common\Utils.h">
      <Filter>Header Files</Filter>
    </ClInclude>
    <ClInclude Include="Includes\Common\pch.h">
      <Filter>Header Files</Filter>
    </ClInclude>
    <ClInclude Include="Includes\VoxelEngine\SparseVoxelizer.h">
      <Filter>Header Files</Filter>
    </ClInclude>
    <ClInclude Include="Includes\VoxelEngine\SparseVoxelOctree.h">
      <Filter>Header Files</Filter>
    </ClInclude>
    <ClInclude Include="Sources\VoxelEngine\SparseVoxelOctree.cpp">
      <Filter>Header Files</Filter>
    </ClInclude>
    <ClInclude Include="Includes\Common\Logger.h">
      <Filter>Header Files</Filter>
    </ClInclude>
    <ClInclude Include="Sources\Common\Logger.cpp">
      <Filter>Header Files</Filter>
    </ClInclude>
    <ClInclude Include="Includes\Common\Utils-Impl.hpp">
      <Filter>Header Files</Filter>
    </ClInclude>
    <ClInclude Include="Includes\UIEngine\UIRenderer.h">
      <Filter>Header Files</Filter>
    </ClInclude>
    <ClInclude Include="Includes\Common\AssetLoader.h">
      <Filter>Header Files</Filter>
    </ClInclude>
    <ClInclude Include="Includes\Common\VertexFormat.h">
      <Filter>Header Files</Filter>
    </ClInclude>
    <ClInclude Include="Includes\Common\EngineConfig.h">
      <Filter>Header Files</Filter>
    </ClInclude>
    <ClInclude Include="Includes\UIEngine\ImGuiUtil.h">
      <Filter>Header Files</Filter>
    </ClInclude>
    <ClInclude Include="Includes\VoxelEngine\Counter.h">
      <Filter>Header Files</Filter>
    </ClInclude>
    <ClInclude Include="Includes\Common\GLTFLoader.h">
      <Filter>Header Files</Filter>
    </ClInclude>
    <ClInclude Include="Includes\Common\GLTFLoader-Impl.hpp">
      <Filter>Header Files</Filter>
    </ClInclude>
    <ClInclude Include="Includes\VoxelEngine\OctreeBuilder.h">
      <Filter>Header Files</Filter>
    </ClInclude>
    <ClInclude Include="Includes\VoxelEngine\OctreeVisualizer.h">
      <Filter>Header Files</Filter>
    </ClInclude>
    <ClInclude Include="Includes\LoaderThread.h">
      <Filter>Header Files</Filter>
    </ClInclude>
    <ClInclude Include="Includes\SwapChain.h">
      <Filter>Header Files</Filter>
    </ClInclude>
    <ClInclude Include="Includes\Renderer.h">
      <Filter>Header Files</Filter>
    </ClInclude>
    <ClInclude Include="Includes\Application.h">
      <Filter>Header Files</Filter>
    </ClInclude>
    <ClInclude Include="Includes\GLTFScene.h">
      <Filter>Header Files</Filter>
    </ClInclude>
    <ClInclude Include="Includes\RenderPass\GBufferPass.h">
      <Filter>Header Files</Filter>
    </ClInclude>
    <ClInclude Include="Includes\RenderPass\RenderPassBase.h">
      <Filter>Header Files</Filter>
    </ClInclude>
    <ClInclude Include="Includes\RenderPass\GBufferDebugPass.h">
      <Filter>Header Files</Filter>
    </ClInclude>
    <ClInclude Include="Includes\RenderPass\VolumeVisualizerPass.h">
      <Filter>Header Files</Filter>
    </ClInclude>
    <ClInclude Include="Includes\VolumeVisualizer.h">
      <Filter>Header Files</Filter>
    </ClInclude>
    <ClInclude Include="Includes\RenderPass\ShadowMapPass.h">
      <Filter>Header Files</Filter>
    </ClInclude>
    <ClInclude Include="Includes\RenderPass\RadianceInjectionPass.h">
      <Filter>Header Files</Filter>
    </ClInclude>
    <ClInclude Include="Includes\BoundingBox.h">
      <Filter>Header Files</Filter>
    </ClInclude>
    <ClInclude Include="Includes\RenderPass\RenderPassManager.h">
      <Filter>Header Files</Filter>
    </ClInclude>
    <ClInclude Include="Includes\DirectionalLight.h">
      <Filter>Header Files</Filter>
    </ClInclude>
    <ClInclude Include="Includes\RenderPass\Voxelizer.h">
      <Filter>Header Files</Filter>
    </ClInclude>
    <ClInclude Include="Includes\ClipmapRegion.h">
      <Filter>Header Files</Filter>
    </ClInclude>
    <ClInclude Include="Includes\RenderPass\VoxelConeTracingPass.h">
      <Filter>Header Files</Filter>
    </ClInclude>
    <ClInclude Include="Includes\RenderPass\DownSampler.h">
      <Filter>Header Files</Filter>
    </ClInclude>
    <ClInclude Include="Includes\Common\CPUTimer.h">
      <Filter>Header Files</Filter>
    </ClInclude>
    <ClInclude Include="Includes\VoxelEngine\OctreeVoxelConeTracing.h">
      <Filter>Header Files</Filter>
    </ClInclude>
  </ItemGroup>
  <ItemGroup>
    <None Include="Shaders\voxel_cone_tracing.frag" />
    <None Include="Shaders\voxel_cone_tracing.vert" />
    <None Include="Shaders\voxelizer.frag" />
    <None Include="Shaders\voxelizer.geom" />
    <None Include="Shaders\voxelizer.vert" />
    <None Include="Shaders\octreeNodeAlloc.comp" />
    <None Include="Shaders\octreeNodeFlag.comp" />
    <None Include="Shaders\octreeNodeInit.comp" />
    <None Include="Shaders\octreeNodeModifyArg.comp" />
    <None Include="Shaders\octreeNodeIndirectCmd.comp" />
    <None Include="Shaders\avc.frag" />
    <None Include="Shaders\avc.vert" />
    <None Include="Shaders\avc.geom" />
    <None Include="Shaders\octreeNodeMipmapWrite.comp" />
    <None Include="Includes\RenderPass\VoxelizationPass.h" />
  </ItemGroup>
</Project>